# This file is autogenerated, do not edit; changes may be undone by the next 'dep ensure'.


[[projects]]
  branch = "master"
  name = "github.com/corpix/uarand"
  packages = ["."]
  revision = "2b8494104d86337cdd41d0a49cbed8e4583c0ab4"

[[projects]]
  branch = "master"
  name = "github.com/datamountaineer/schema-registry"
  packages = ["."]
  revision = "6240b64c5baac4be7f827b042afaa90e8fcfa439"

[[projects]]
  branch = "master"
  name = "github.com/golang/snappy"
  packages = ["."]
  revision = "553a641470496b2327abcac10b36396bd98e45c9"

[[projects]]
  branch = "master"
  name = "github.com/icrowley/fake"
  packages = ["."]
  revision = "e64cc2cf92049a299f359734c6ea76073f2a8b2c"

[[projects]]
  name = "github.com/linkedin/goavro"
  packages = ["."]
  revision = "bf6e295db97b0d4f583e73bbea5340cb9e3f6236"
  version = "v2.0.2"

[[projects]]
  branch = "master"
  name = "github.com/pkg/errors"
  packages = ["."]
  revision = "8842a6e0cc595d1cc9d931f6c875883967280e32"

[[projects]]
  branch = "master"
  name = "github.com/segmentio/kafka-go"
  packages = ["."]
  revision = "61718ebe1f914b5c88645c7c0b9b8f8c9bc75e16"

[[projects]]
  branch = "master"
  name = "github.com/sirupsen/logrus"
  packages = ["."]
  revision = "95cd2b9c79aa5e72ab0bc69b7ccc2be15bf850f6"

[[projects]]
  branch = "master"
  name = "golang.org/x/crypto"
  packages = ["ssh/terminal"]
  revision = "94eea52f7b742c7cbe0b03b22f0c4c8631ece122"

[[projects]]
  branch = "master"
  name = "golang.org/x/sys"
  packages = ["unix","windows"]
  revision = "8b4580aae2a0dd0c231a45d3ccb8434ff533b840"

[solve-meta]
  analyzer-name = "dep"
  analyzer-version = 1
  inputs-digest = "55c64754c72a0fa8b75fedbdb23de5cfe7bdf04cc4e751a3d2fbc648f5bfbcc8"
  solver-name = "gps-cdcl"
  solver-version = 1
